
Microsoft Visual Studio Solution File, Format Version 12.00
# Visual Studio Version 16
VisualStudioVersion = 16.0.31321.278
MinimumVisualStudioVersion = 10.0.40219.1
Project("{9A19103F-16F7-4668-BE54-9A1E7A4F7556}") = "BusinessLogic", "BusinessLogic\BusinessLogic.csproj", "{DD7B8DA7-56CB-494F-9FAF-BE8DCB791B29}"
EndProject
Project("{9A19103F-16F7-4668-BE54-9A1E7A4F7556}") = "Common", "Common\Common.csproj", "{BF353D4F-DF34-48E9-AE22-A13CB761678D}"
EndProject
Project("{9A19103F-16F7-4668-BE54-9A1E7A4F7556}") = "Database", "Database\Database.csproj", "{B03A6BDD-2494-49D8-A117-458A1C92464E}"
EndProject
Global
	GlobalSection(SolutionConfigurationPlatforms) = preSolution
		Debug|Any CPU = Debug|Any CPU
		Release|Any CPU = Release|Any CPU
	EndGlobalSection
	GlobalSection(ProjectConfigurationPlatforms) = postSolution
		{DD7B8DA7-56CB-494F-9FAF-BE8DCB791B29}.Debug|Any CPU.ActiveCfg = Debug|Any CPU
		{DD7B8DA7-56CB-494F-9FAF-BE8DCB791B29}.Debug|Any CPU.Build.0 = Debug|Any CPU
		{DD7B8DA7-56CB-494F-9FAF-BE8DCB791B29}.Release|Any CPU.ActiveCfg = Release|Any CPU
		{DD7B8DA7-56CB-494F-9FAF-BE8DCB791B29}.Release|Any CPU.Build.0 = Release|Any CPU
		{BF353D4F-DF34-48E9-AE22-A13CB761678D}.Debug|Any CPU.ActiveCfg = Debug|Any CPU
		{BF353D4F-DF34-48E9-AE22-A13CB761678D}.Debug|Any CPU.Build.0 = Debug|Any CPU
		{BF353D4F-DF34-48E9-AE22-A13CB761678D}.Release|Any CPU.ActiveCfg = Release|Any CPU
		{BF353D4F-DF34-48E9-AE22-A13CB761678D}.Release|Any CPU.Build.0 = Release|Any CPU
		{B03A6BDD-2494-49D8-A117-458A1C92464E}.Debug|Any CPU.ActiveCfg = Debug|Any CPU
		{B03A6BDD-2494-49D8-A117-458A1C92464E}.Debug|Any CPU.Build.0 = Debug|Any CPU
		{B03A6BDD-2494-49D8-A117-458A1C92464E}.Release|Any CPU.ActiveCfg = Release|Any CPU
		{B03A6BDD-2494-49D8-A117-458A1C92464E}.Release|Any CPU.Build.0 = Release|Any CPU
	EndGlobalSection
	GlobalSection(SolutionProperties) = preSolution
		HideSolutionNode = FALSE
	EndGlobalSection
	GlobalSection(ExtensibilityGlobals) = postSolution
		SolutionGuid = {F398ED22-5DB7-4254-BB38-E877614A0294}
	EndGlobalSection
EndGlobal
